
Microsoft Visual Studio Solution File, Format Version 12.00
# Visual Studio Version 17
VisualStudioVersion = 17.6.33815.320
MinimumVisualStudioVersion = 10.0.40219.1
Project("{FAE04EC0-301F-11D3-BF4B-00C04F79EFBC}") = "Screen Sound", "Screen Sound\Screen Sound.csproj", "{5CB7BCCA-441D-42BA-9A8E-3661C6FA5ACB}"
EndProject
Global
	GlobalSection(SolutionConfigurationPlatforms) = preSolution
		Debug|Any CPU = Debug|Any CPU
		Release|Any CPU = Release|Any CPU
	EndGlobalSection
	GlobalSection(ProjectConfigurationPlatforms) = postSolution
		{5CB7BCCA-441D-42BA-9A8E-3661C6FA5ACB}.Debug|Any CPU.ActiveCfg = Debug|Any CPU
		{5CB7BCCA-441D-42BA-9A8E-3661C6FA5ACB}.Debug|Any CPU.Build.0 = Debug|Any CPU
		{5CB7BCCA-441D-42BA-9A8E-3661C6FA5ACB}.Release|Any CPU.ActiveCfg = Release|Any CPU
		{5CB7BCCA-441D-42BA-9A8E-3661C6FA5ACB}.Release|Any CPU.Build.0 = Release|Any CPU
	EndGlobalSection
	GlobalSection(SolutionProperties) = preSolution
		HideSolutionNode = FALSE
	EndGlobalSection
	GlobalSection(ExtensibilityGlobals) = postSolution
		SolutionGuid = {DA659507-AD77-4B51-9E78-F2DAF9DC16A5}
	EndGlobalSection
EndGlobal
